[ "cowboy": {:git, "git://github.com/extend/cowboy.git", "4769412daaff2be53cb7d7391d0a196acb6346c3", []},
  "cowlib": {:git, "git://github.com/extend/cowlib.git", "2f35af5b0a67f591dde5ae4305a9587988a37c0c", [{:ref, "0.1.0"}]},
  "dynamo": {:git, "git://github.com/elixir-lang/dynamo.git", "c9c2fac63dbd19d581242030514535e83e97b140", []},
  "ex_doc": {:git, "git://github.com/elixir-lang/ex_doc.git", "4ea86fb6d1f282c8d6b0ba7eef9e8d41031e98c4", []},
  "gru": {:git, "git://github.com/BananaLtd/gru.git", "3baa073889378917b07ea0421b6c5eabf08f9c0b", [{:branch, "experimental"}]},
  "json": {:git, "git://github.com/cblage/elixir-json.git", "3573eb996c893d384a58ad47e83f48a82fa9d990", [{:tag, "v0.2.3"}]},
  "mimetypes": {:git, "git://github.com/spawngrid/mimetypes.git", "47d37a977a7d633199822bf6b08353007483d00f", []},
  "minion": {:git, "git://github.com/BananaLtd/minion.git", "4ea784e15da758da3890bb1aa808b028ba272fe1", [{:branch, "experimental"}]},
  "ranch": {:git, "git://github.com/extend/ranch.git", "41705752ffc7e3ecb96eef8374015ead4ca7f699", [{:ref, "0.8.5"}]},
  "random": {:git, "git://github.com/mururu/elixir-random.git", "e6442fa2273eed85b3f56e5f1628544295ed8913", []} ]
